{
  "name": "strukthq-marketing",
  "version": "1.0.0",
  "lockfileVersion": 3,
  "requires": true,
  "packages": {
    "": {
      "name": "strukthq-marketing",
      "version": "1.0.0",
      "dependencies": {
        "@react-stately/utils": "^3.12.1",
        "@untitledui/icons": "^0.0.23",
        "input-otp": "^1.5.0",
        "react-aria-components": "^1.22.0",
        "tailwind-merge": "^3.7.0"
      }
    },
    "node_modules/@internationalized/date": {
      "version": "3.12.4",
      "resolved": "https://registry.npmjs.org/@internationalized/date/-/date-3.12.4.tgz",
      "integrity": "sha512-M1dEn4c1U1HsSlaVR8upZtSqvXrTkHDfv18H01uCSJyjVLDxnBR38v/fMxecmlwXKR4i9HeZcmgQAPE6A+aGJQ==",
      "license": "Apache-2.0",
      "dependencies": {
        "@swc/helpers": "^0.5.0"
      }
    },
    "node_modules/@internationalized/number": {
      "version": "3.6.9",
      "resolved": "https://registry.npmjs.org/@internationalized/number/-/number-3.6.9.tgz",
      "integrity": "sha512-GgWy2caO/+hV9sT/oCTWGHvbjmJMPT9kkXzoKRLnkEq7adghhR7UprhvY9sXrKfrp3NcDfhF6QQHXR1KfQbB8g==",
      "license": "Apache-2.0",
      "dependencies": {
        "@swc/helpers": "^0.5.0"
      }
    },
    "node_modules/@internationalized/string": {
      "version": "3.2.10",
      "resolved": "https://registry.npmjs.org/@internationalized/string/-/string-3.2.10.tgz",
      "integrity": "sha512-PDx6//vHSpRnHfxqMqto11zQvhsaU74O3mKv2F/0eicGZcl9NLjQmGlbHz/LsJh5tLKp4A4L7ZVTzN1/MmMTvA==",
      "license": "Apache-2.0",
      "dependencies": {
        "@swc/helpers": "^0.5.0"
      }
    },
    "node_modules/@react-stately/utils": {
      "version": "3.12.1",
      "resolved": "https://registry.npmjs.org/@react-stately/utils/-/utils-3.12.1.tgz",
      "integrity": "sha512-NqKfzrknpfwiewx7R2vk1P+CneClInPDsIhw15+jOcUYSEfej0nta4cJywuKQJ2gsPwqX/ojDNixedCve9FWGw==",
      "license": "Apache-2.0",
      "dependencies": {
        "@swc/helpers": "^0.5.0",
        "react-stately": "^3.46.0"
      },
      "peerDependencies": {
        "react": "^16.8.0 || ^17.0.0-rc.1 || ^18.0.0 || ^19.0.0-rc.1",
        "react-dom": "^16.8.0 || ^17.0.0-rc.1 || ^18.0.0 || ^19.0.0-rc.1"
      }
    },
    "node_modules/@react-types/shared": {
      "version": "3.37.0",
      "resolved": "https://registry.npmjs.org/@react-types/shared/-/shared-3.37.0.tgz",
      "integrity": "sha512-VNlZuifu4tHdxWPfHvoMfKsHA9kVTCGkduv5vKVTdinm8wHFJNhyVB5RzIMiRFj0q3RKoCbP68u2zaoBSiFueg==",
      "license": "Apache-2.0",
      "peerDependencies": {
        "react": "^16.8.0 || ^17.0.0-rc.1 || ^18.0.0 || ^19.0.0-rc.1"
      }
    },
    "node_modules/@swc/helpers": {
      "version": "0.5.23",
      "resolved": "https://registry.npmjs.org/@swc/helpers/-/helpers-0.5.23.tgz",
      "integrity": "sha512-5lSsMOTXURePglDfvuAQUqkGek9Hg2kksOYay2m0+XR++b2NWYL/4sWyuvVBIs8oKnJaxkdi9whaL/sqN13afw==",
      "license": "Apache-2.0",
      "dependencies": {
        "tslib": "^2.8.0"
      }
    },
    "node_modules/@untitledui/icons": {
      "version": "0.0.23",
      "resolved": "https://registry.npmjs.org/@untitledui/icons/-/icons-0.0.23.tgz",
      "integrity": "sha512-WoBtPCXaxweF0RXS9IuqgEeJkBmT7A9SszPHB+vQJOxeAl0hDTFXHlWXsooYniXQ0JmP4+7RADdhWb39GWFT8g==",
      "license": "MIT",
      "peerDependencies": {
        "react": ">= 16"
      }
    },
    "node_modules/aria-hidden": {
      "version": "1.2.6",
      "resolved": "https://registry.npmjs.org/aria-hidden/-/aria-hidden-1.2.6.tgz",
      "integrity": "sha512-ik3ZgC9dY/lYVVM++OISsaYDeg1tb0VtP5uL3ouh1koGOaUMDPpbFIei4JkFimWUFPn90sbMNMXQAIVOlnYKJA==",
      "license": "MIT",
      "dependencies": {
        "tslib": "^2.0.0"
      },
      "engines": {
        "node": ">=10"
      }
    },
    "node_modules/client-only": {
      "version": "0.0.1",
      "resolved": "https://registry.npmjs.org/client-only/-/client-only-0.0.1.tgz",
      "integrity": "sha512-IV3Ou0jSMzZrd3pZ48nLkT9DA7Ag1pnPzaiQhpW7c3RbcqqzvzzVu+L8gfqMp/8IM2MQtSiqaCxrrcfu8I8rMA==",
      "license": "MIT"
    },
    "node_modules/clsx": {
      "version": "2.1.1",
      "resolved": "https://registry.npmjs.org/clsx/-/clsx-2.1.1.tgz",
      "integrity": "sha512-eYm0QWBtUrBWZWG0d386OGAw16Z995PiOVo2B7bjWSbHedGl5e0ZWaq65kOGgUSNesEIDkB9ISbTg/JK9dhCZA==",
      "license": "MIT",
      "engines": {
        "node": ">=6"
      }
    },
    "node_modules/input-otp": {
      "version": "1.5.0",
      "resolved": "https://registry.npmjs.org/input-otp/-/input-otp-1.5.0.tgz",
      "integrity": "sha512-3AcfdW1sNG0FmSA5hHMBXG7jNW5CdcdKs8ln8JOmn6S2SRkoXoJx+2UwC+ZvjflfnOdHJx0SfQ9/YjlxVYLtGQ==",
      "license": "MIT",
      "peerDependencies": {
        "react": "^16.8 || ^17.0 || ^18.0 || ^19.0.0 || ^19.0.0-rc",
        "react-dom": "^16.8 || ^17.0 || ^18.0 || ^19.0.0 || ^19.0.0-rc"
      }
    },
    "node_modules/react": {
      "version": "19.3.0",
      "resolved": "https://registry.npmjs.org/react/-/react-19.3.0.tgz",
      "integrity": "sha512-E8LUcbtBWt20bbl2YoHfx4ZDBdxVTfOKtCZn9cDSJ4l6/nuoApcpIBcj47t2wZoVX8g2ZHuMHbiShgCR1T5Sog==",
      "license": "MIT",
      "peer": true,
      "engines": {
        "node": ">=0.10.0"
      }
    },
    "node_modules/react-aria": {
      "version": "3.53.0",
      "resolved": "https://registry.npmjs.org/react-aria/-/react-aria-3.53.0.tgz",
      "integrity": "sha512-xnr61tc2ZZ0MBPn52AiUSnO89Q2zwvBFFghipxuRM5H5n4cfPt3D0rB6OQoKCwNyD/ozm9BTFoNainzafd/RkQ==",
      "license": "Apache-2.0",
      "dependencies": {
        "@internationalized/date": "^3.12.4",
        "@internationalized/number": "^3.6.9",
        "@internationalized/string": "^3.2.10",
        "@react-types/shared": "^3.37.0",
        "@swc/helpers": "^0.5.0",
        "aria-hidden": "^1.2.3",
        "clsx": "^2.0.0",
        "react-stately": "3.51.0",
        "use-sync-external-store": "^1.6.0"
      },
      "peerDependencies": {
        "react": "^16.8.0 || ^17.0.0-rc.1 || ^18.0.0 || ^19.0.0-rc.1",
        "react-dom": "^16.8.0 || ^17.0.0-rc.1 || ^18.0.0 || ^19.0.0-rc.1"
      }
    },
    "node_modules/react-aria-components": {
      "version": "1.22.0",
      "resolved": "https://registry.npmjs.org/react-aria-components/-/react-aria-components-1.22.0.tgz",
      "integrity": "sha512-iTrOa3QYzlEZLSICcaZBS3yqFnxu41x/PQqzA9bqcKahlcheMeEMF6aMVOiB+rtAwpX2MqNDPBxIbnhwa4KBFQ==",
      "license": "Apache-2.0",
      "dependencies": {
        "@internationalized/date": "^3.12.4",
        "@internationalized/string": "^3.2.10",
        "@react-types/shared": "^3.37.0",
        "@swc/helpers": "^0.5.0",
        "client-only": "^0.0.1",
        "react-aria": "3.53.0",
        "react-stately": "3.51.0",
        "use-sync-external-store": "^1.6.0"
      },
      "peerDependencies": {
        "react": "^16.8.0 || ^17.0.0-rc.1 || ^18.0.0 || ^19.0.0-rc.1",
        "react-dom": "^16.8.0 || ^17.0.0-rc.1 || ^18.0.0 || ^19.0.0-rc.1"
      }
    },
    "node_modules/react-dom": {
      "version": "19.3.0",
      "resolved": "https://registry.npmjs.org/react-dom/-/react-dom-19.3.0.tgz",
      "integrity": "sha512-JDk8dgif51OjFoDE70+OT9ICyYr+69HlmihNwp1+Nsfbna3t5sIiCa9ZJktDmQ4/1b/rn26hIAR2uYXDMr5r0Q==",
      "license": "MIT",
      "peer": true,
      "dependencies": {
        "scheduler": "^0.28.0"
      },
      "peerDependencies": {
        "react": "^19.3.0"
      }
    },
    "node_modules/react-stately": {
      "version": "3.51.0",
      "resolved": "https://registry.npmjs.org/react-stately/-/react-stately-3.51.0.tgz",
      "integrity": "sha512-YJcmkAXu2XOQP97hO/qz/cC3qv9kni3oVhwBlxWr358BHePJUpY15XwL3YSRMKxYt4EkslPqAz11JRirMfANGw==",
      "license": "Apache-2.0",
      "dependencies": {
        "@internationalized/date": "^3.12.4",
        "@internationalized/number": "^3.6.9",
        "@internationalized/string": "^3.2.10",
        "@react-types/shared": "^3.37.0",
        "@swc/helpers": "^0.5.0",
        "use-sync-external-store": "^1.6.0"
      },
      "peerDependencies": {
        "react": "^16.8.0 || ^17.0.0-rc.1 || ^18.0.0 || ^19.0.0-rc.1"
      }
    },
    "node_modules/scheduler": {
      "version": "0.28.0",
      "resolved": "https://registry.npmjs.org/scheduler/-/scheduler-0.28.0.tgz",
      "integrity": "sha512-juorfCmIkIw8tT+p5BXSm6PJjQF/ycEYmKyzURCIt/RaZIhL+PulbQ9Yu2z1HdOJDdqDTlxA1+xKBmHXJsczAw==",
      "license": "MIT",
      "peer": true
    },
    "node_modules/tailwind-merge": {
      "version": "3.7.0",
      "resolved": "https://registry.npmjs.org/tailwind-merge/-/tailwind-merge-3.7.0.tgz",
      "integrity": "sha512-XPPUyAc+cvspz3lHTcR/QgPfW2A0lv/xQNIjX3HGhLR+Nq2lHaLq5MtTesHn8GUr3W3DguT2KT5x3NVgRtYwmA==",
      "license": "MIT",
      "funding": {
        "type": "github",
        "url": "https://github.com/sponsors/dcastil"
      }
    },
    "node_modules/tslib": {
      "version": "2.8.1",
      "resolved": "https://registry.npmjs.org/tslib/-/tslib-2.8.1.tgz",
      "integrity": "sha512-oJFu94HQb+KVduSUQL7wnpmqnfmLsOA/nAh6b6EH0wCEoK0/mPeXU6c3wKDV83MkOuHPRHtSXKKU99IBazS/2w==",
      "license": "0BSD"
    },
    "node_modules/use-sync-external-store": {
      "version": "1.7.0",
      "resolved": "https://registry.npmjs.org/use-sync-external-store/-/use-sync-external-store-1.7.0.tgz",
      "integrity": "sha512-6L+EeigHMQhdaIPNIFUKwfWJSwWFQ8gJbJ2DLOs5sDIegTwR9fRxvnM3uciHKjIZhFz+KAv2emhWMRvDmMcY8A==",
      "license": "MIT",
      "peerDependencies": {
        "react": "^16.8.0 || ^17.0.0 || ^18.0.0 || ^19.0.0"
      }
    }
  }
}
